// !$*UTF8*$!
{
	archiveVersion = 1;
	classes = {
	};
	objectVersion = 50;
	objects = {

/* Begin PBXBuildFile section */
		3202B69621CCC8C900201B6F /* PBPopupToolbar.swift in Sources */ = {isa = PBXBuildFile; fileRef = 3202B69521CCC8C900201B6F /* PBPopupToolbar.swift */; };
		32080BEE208715920017FECD /* PBPopupController.h in Headers */ = {isa = PBXBuildFile; fileRef = 32080BEC208715920017FECD /* PBPopupController.h */; settings = {ATTRIBUTES = (Public, ); }; };
		32080C00208716140017FECD /* UIViewController+Support.swift in Sources */ = {isa = PBXBuildFile; fileRef = 32080BF8208716140017FECD /* UIViewController+Support.swift */; };
		32080C02208716140017FECD /* UIViewController+Private.swift in Sources */ = {isa = PBXBuildFile; fileRef = 32080BFA208716140017FECD /* UIViewController+Private.swift */; };
		32080C03208716140017FECD /* PBPopupController.swift in Sources */ = {isa = PBXBuildFile; fileRef = 32080BFB208716140017FECD /* PBPopupController.swift */; };
		32080C0920871C230017FECD /* UIViewController+Private.h in Headers */ = {isa = PBXBuildFile; fileRef = 32080C0520871C220017FECD /* UIViewController+Private.h */; settings = {ATTRIBUTES = (Public, ); }; };
		32080C0B20871C230017FECD /* UIViewController+Private.m in Sources */ = {isa = PBXBuildFile; fileRef = 32080C0720871C220017FECD /* UIViewController+Private.m */; };
		323416E424619EFE0086E85A /* CGVector.swift in Sources */ = {isa = PBXBuildFile; fileRef = 323416E324619EFE0086E85A /* CGVector.swift */; };
		323416E7246286460086E85A /* CGPoint.swift in Sources */ = {isa = PBXBuildFile; fileRef = 323416E5246286450086E85A /* CGPoint.swift */; };
		323416E8246286460086E85A /* CGRect.swift in Sources */ = {isa = PBXBuildFile; fileRef = 323416E6246286450086E85A /* CGRect.swift */; };
		3255993A209063AC009047FB /* PBChevronView.swift in Sources */ = {isa = PBXBuildFile; fileRef = 32559939209063AC009047FB /* PBChevronView.swift */; };
		3255993E2091BE00009047FB /* PBPopupCloseButton.swift in Sources */ = {isa = PBXBuildFile; fileRef = 3255993D2091BE00009047FB /* PBPopupCloseButton.swift */; };
		325E5557209D9B8A0055E09F /* UIView+Snapshot.swift in Sources */ = {isa = PBXBuildFile; fileRef = 325E5556209D9B8A0055E09F /* UIView+Snapshot.swift */; };
		326DB7FE21A1733200E28986 /* PBPopupRoundShadowImageView.swift in Sources */ = {isa = PBXBuildFile; fileRef = 326DB7FC21A16A6400E28986 /* PBPopupRoundShadowImageView.swift */; };
		326ECE2621CF80580022AD43 /* PBPopupLogs.swift in Sources */ = {isa = PBXBuildFile; fileRef = 326ECE2521CF80580022AD43 /* PBPopupLogs.swift */; };
		326ECE2821CF8CBD0022AD43 /* PBPopupBar.swift in Sources */ = {isa = PBXBuildFile; fileRef = 326ECE2721CF8CBD0022AD43 /* PBPopupBar.swift */; };
		328BDCE420DE09C300682698 /* CGMath.swift in Sources */ = {isa = PBXBuildFile; fileRef = 328BDCDD20DE09C300682698 /* CGMath.swift */; };
		32AD7597217A3A6D002FFE17 /* PBPopupContentView.swift in Sources */ = {isa = PBXBuildFile; fileRef = 32AD7596217A3A6D002FFE17 /* PBPopupContentView.swift */; };
		32B1E211209ABC2D00143DA6 /* UIColor+Random.swift in Sources */ = {isa = PBXBuildFile; fileRef = 32B1E210209ABC2D00143DA6 /* UIColor+Random.swift */; };
		32BA2A9D20E88A3F00226FEE /* PBPopupInteractivePresentationController.swift in Sources */ = {isa = PBXBuildFile; fileRef = 32BA2A9C20E88A3F00226FEE /* PBPopupInteractivePresentationController.swift */; };
		32C045B921A7DD840028DB85 /* PBPopupPresentationController.swift in Sources */ = {isa = PBXBuildFile; fileRef = 325626DE20FC74AC008739D6 /* PBPopupPresentationController.swift */; };
		32DB35A8253495140099EB80 /* PBPopupEnvironment.swift in Sources */ = {isa = PBXBuildFile; fileRef = 32DB359E253495130099EB80 /* PBPopupEnvironment.swift */; };
		32DB35A9253495140099EB80 /* PBPopupPreferences.swift in Sources */ = {isa = PBXBuildFile; fileRef = 32DB359F253495130099EB80 /* PBPopupPreferences.swift */; };
		32DB35AA253495140099EB80 /* PBPopupViewWrapper.swift in Sources */ = {isa = PBXBuildFile; fileRef = 32DB35A0253495130099EB80 /* PBPopupViewWrapper.swift */; };
		32DB35AB253495140099EB80 /* PBPopupUICustomBarViewController.swift in Sources */ = {isa = PBXBuildFile; fileRef = 32DB35A1253495130099EB80 /* PBPopupUICustomBarViewController.swift */; };
		32DB35AC253495140099EB80 /* PBPopupProxyViewController.swift in Sources */ = {isa = PBXBuildFile; fileRef = 32DB35A2253495140099EB80 /* PBPopupProxyViewController.swift */; };
		32DB35AD253495140099EB80 /* UIViewControllerPreview.swift in Sources */ = {isa = PBXBuildFile; fileRef = 32DB35A3253495140099EB80 /* UIViewControllerPreview.swift */; };
		32DB35AE253495140099EB80 /* PBPopupUI.swift in Sources */ = {isa = PBXBuildFile; fileRef = 32DB35A4253495140099EB80 /* PBPopupUI.swift */; };
		32DB35AF253495140099EB80 /* UIViewPreview.swift in Sources */ = {isa = PBXBuildFile; fileRef = 32DB35A5253495140099EB80 /* UIViewPreview.swift */; };
		32DB35B0253495140099EB80 /* PBPopupState.swift in Sources */ = {isa = PBXBuildFile; fileRef = 32DB35A6253495140099EB80 /* PBPopupState.swift */; };
		32DB35B1253495140099EB80 /* PBPopupUIContentController.swift in Sources */ = {isa = PBXBuildFile; fileRef = 32DB35A7253495140099EB80 /* PBPopupUIContentController.swift */; };
		32E1F39D21AFCEEB009A1DF1 /* UIView+CornerRadius.swift in Sources */ = {isa = PBXBuildFile; fileRef = 32E1F39C21AFCEEB009A1DF1 /* UIView+CornerRadius.swift */; };
		32E52FE520DA1A2A00A6A11E /* Assets.xcassets in Resources */ = {isa = PBXBuildFile; fileRef = 32E52FE420DA1A2A00A6A11E /* Assets.xcassets */; };
/* End PBXBuildFile section */

/* Begin PBXFileReference section */
		3202B69521CCC8C900201B6F /* PBPopupToolbar.swift */ = {isa = PBXFileReference; lastKnownFileType = sourcecode.swift; path = PBPopupToolbar.swift; sourceTree = "<group>"; };
		32080BE9208715920017FECD /* PBPopupController.framework */ = {isa = PBXFileReference; explicitFileType = wrapper.framework; includeInIndex = 0; path = PBPopupController.framework; sourceTree = BUILT_PRODUCTS_DIR; };
		32080BEC208715920017FECD /* PBPopupController.h */ = {isa = PBXFileReference; lastKnownFileType = sourcecode.c.h; path = PBPopupController.h; sourceTree = "<group>"; };
		32080BED208715920017FECD /* Info.plist */ = {isa = PBXFileReference; lastKnownFileType = text.plist.xml; path = Info.plist; sourceTree = "<group>"; };
		32080BF8208716140017FECD /* UIViewController+Support.swift */ = {isa = PBXFileReference; fileEncoding = 4; lastKnownFileType = sourcecode.swift; path = "UIViewController+Support.swift"; sourceTree = "<group>"; };
		32080BFA208716140017FECD /* UIViewController+Private.swift */ = {isa = PBXFileReference; fileEncoding = 4; lastKnownFileType = sourcecode.swift; path = "UIViewController+Private.swift"; sourceTree = "<group>"; };
		32080BFB208716140017FECD /* PBPopupController.swift */ = {isa = PBXFileReference; fileEncoding = 4; indentWidth = 3; lastKnownFileType = sourcecode.swift; lineEnding = 0; path = PBPopupController.swift; sourceTree = "<group>"; };
		32080C0520871C220017FECD /* UIViewController+Private.h */ = {isa = PBXFileReference; fileEncoding = 4; lastKnownFileType = sourcecode.c.h; path = "UIViewController+Private.h"; sourceTree = "<group>"; };
		32080C0720871C220017FECD /* UIViewController+Private.m */ = {isa = PBXFileReference; fileEncoding = 4; lastKnownFileType = sourcecode.c.objc; path = "UIViewController+Private.m"; sourceTree = "<group>"; };
		323416E324619EFE0086E85A /* CGVector.swift */ = {isa = PBXFileReference; fileEncoding = 4; lastKnownFileType = sourcecode.swift; path = CGVector.swift; sourceTree = "<group>"; };
		323416E5246286450086E85A /* CGPoint.swift */ = {isa = PBXFileReference; fileEncoding = 4; lastKnownFileType = sourcecode.swift; path = CGPoint.swift; sourceTree = "<group>"; };
		323416E6246286450086E85A /* CGRect.swift */ = {isa = PBXFileReference; fileEncoding = 4; lastKnownFileType = sourcecode.swift; path = CGRect.swift; sourceTree = "<group>"; };
		32559939209063AC009047FB /* PBChevronView.swift */ = {isa = PBXFileReference; lastKnownFileType = sourcecode.swift; path = PBChevronView.swift; sourceTree = "<group>"; };
		3255993D2091BE00009047FB /* PBPopupCloseButton.swift */ = {isa = PBXFileReference; lastKnownFileType = sourcecode.swift; path = PBPopupCloseButton.swift; sourceTree = "<group>"; };
		325626DE20FC74AC008739D6 /* PBPopupPresentationController.swift */ = {isa = PBXFileReference; fileEncoding = 4; lastKnownFileType = sourcecode.swift; path = PBPopupPresentationController.swift; sourceTree = "<group>"; };
		325E5556209D9B8A0055E09F /* UIView+Snapshot.swift */ = {isa = PBXFileReference; lastKnownFileType = sourcecode.swift; path = "UIView+Snapshot.swift"; sourceTree = "<group>"; };
		326DB7FC21A16A6400E28986 /* PBPopupRoundShadowImageView.swift */ = {isa = PBXFileReference; fileEncoding = 4; lastKnownFileType = sourcecode.swift; path = PBPopupRoundShadowImageView.swift; sourceTree = "<group>"; };
		326ECE2521CF80580022AD43 /* PBPopupLogs.swift */ = {isa = PBXFileReference; lastKnownFileType = sourcecode.swift; path = PBPopupLogs.swift; sourceTree = "<group>"; };
		326ECE2721CF8CBD0022AD43 /* PBPopupBar.swift */ = {isa = PBXFileReference; fileEncoding = 4; lastKnownFileType = sourcecode.swift; path = PBPopupBar.swift; sourceTree = "<group>"; };
		328BDCDD20DE09C300682698 /* CGMath.swift */ = {isa = PBXFileReference; fileEncoding = 4; lastKnownFileType = sourcecode.swift; path = CGMath.swift; sourceTree = "<group>"; };
		32AD7596217A3A6D002FFE17 /* PBPopupContentView.swift */ = {isa = PBXFileReference; lastKnownFileType = sourcecode.swift; path = PBPopupContentView.swift; sourceTree = "<group>"; };
		32B1E210209ABC2D00143DA6 /* UIColor+Random.swift */ = {isa = PBXFileReference; lastKnownFileType = sourcecode.swift; path = "UIColor+Random.swift"; sourceTree = "<group>"; };
		32BA2A9C20E88A3F00226FEE /* PBPopupInteractivePresentationController.swift */ = {isa = PBXFileReference; lastKnownFileType = sourcecode.swift; path = PBPopupInteractivePresentationController.swift; sourceTree = "<group>"; };
		32DB359E253495130099EB80 /* PBPopupEnvironment.swift */ = {isa = PBXFileReference; fileEncoding = 4; lastKnownFileType = sourcecode.swift; path = PBPopupEnvironment.swift; sourceTree = "<group>"; };
		32DB359F253495130099EB80 /* PBPopupPreferences.swift */ = {isa = PBXFileReference; fileEncoding = 4; lastKnownFileType = sourcecode.swift; path = PBPopupPreferences.swift; sourceTree = "<group>"; };
		32DB35A0253495130099EB80 /* PBPopupViewWrapper.swift */ = {isa = PBXFileReference; fileEncoding = 4; lastKnownFileType = sourcecode.swift; path = PBPopupViewWrapper.swift; sourceTree = "<group>"; };
		32DB35A1253495130099EB80 /* PBPopupUICustomBarViewController.swift */ = {isa = PBXFileReference; fileEncoding = 4; lastKnownFileType = sourcecode.swift; path = PBPopupUICustomBarViewController.swift; sourceTree = "<group>"; };
		32DB35A2253495140099EB80 /* PBPopupProxyViewController.swift */ = {isa = PBXFileReference; fileEncoding = 4; lastKnownFileType = sourcecode.swift; path = PBPopupProxyViewController.swift; sourceTree = "<group>"; };
		32DB35A3253495140099EB80 /* UIViewControllerPreview.swift */ = {isa = PBXFileReference; fileEncoding = 4; lastKnownFileType = sourcecode.swift; path = UIViewControllerPreview.swift; sourceTree = "<group>"; };
		32DB35A4253495140099EB80 /* PBPopupUI.swift */ = {isa = PBXFileReference; fileEncoding = 4; lastKnownFileType = sourcecode.swift; path = PBPopupUI.swift; sourceTree = "<group>"; };
		32DB35A5253495140099EB80 /* UIViewPreview.swift */ = {isa = PBXFileReference; fileEncoding = 4; lastKnownFileType = sourcecode.swift; path = UIViewPreview.swift; sourceTree = "<group>"; };
		32DB35A6253495140099EB80 /* PBPopupState.swift */ = {isa = PBXFileReference; fileEncoding = 4; lastKnownFileType = sourcecode.swift; path = PBPopupState.swift; sourceTree = "<group>"; };
		32DB35A7253495140099EB80 /* PBPopupUIContentController.swift */ = {isa = PBXFileReference; fileEncoding = 4; lastKnownFileType = sourcecode.swift; path = PBPopupUIContentController.swift; sourceTree = "<group>"; };
		32E1F39C21AFCEEB009A1DF1 /* UIView+CornerRadius.swift */ = {isa = PBXFileReference; lastKnownFileType = sourcecode.swift; path = "UIView+CornerRadius.swift"; sourceTree = "<group>"; };
		32E52FE420DA1A2A00A6A11E /* Assets.xcassets */ = {isa = PBXFileReference; lastKnownFileType = folder.assetcatalog; path = Assets.xcassets; sourceTree = "<group>"; };
/* End PBXFileReference section */

/* Begin PBXFrameworksBuildPhase section */
		32080BE5208715920017FECD /* Frameworks */ = {
			isa = PBXFrameworksBuildPhase;
			buildActionMask = 2147483647;
			files = (
			);
			runOnlyForDeploymentPostprocessing = 0;
		};
/* End PBXFrameworksBuildPhase section */

/* Begin PBXGroup section */
		32080BDF208715920017FECD = {
			isa = PBXGroup;
			children = (
				32080BEB208715920017FECD /* PBPopupController */,
				32080BEA208715920017FECD /* Products */,
				32080C2F208735FD0017FECD /* Frameworks */,
			);
			sourceTree = "<group>";
		};
		32080BEA208715920017FECD /* Products */ = {
			isa = PBXGroup;
			children = (
				32080BE9208715920017FECD /* PBPopupController.framework */,
			);
			name = Products;
			sourceTree = "<group>";
		};
		32080BEB208715920017FECD /* PBPopupController */ = {
			isa = PBXGroup;
			children = (
				32DB359D253494B30099EB80 /* SwiftUIWrapper */,
				328BDCD720DE099E00682698 /* CGMathSwift */,
				32559939209063AC009047FB /* PBChevronView.swift */,
				3255993D2091BE00009047FB /* PBPopupCloseButton.swift */,
				326ECE2721CF8CBD0022AD43 /* PBPopupBar.swift */,
				3202B69521CCC8C900201B6F /* PBPopupToolbar.swift */,
				32AD7596217A3A6D002FFE17 /* PBPopupContentView.swift */,
				32080BFB208716140017FECD /* PBPopupController.swift */,
				325626DE20FC74AC008739D6 /* PBPopupPresentationController.swift */,
				32BA2A9C20E88A3F00226FEE /* PBPopupInteractivePresentationController.swift */,
				326DB7FC21A16A6400E28986 /* PBPopupRoundShadowImageView.swift */,
				32080BFA208716140017FECD /* UIViewController+Private.swift */,
				32080BF8208716140017FECD /* UIViewController+Support.swift */,
				32B1E210209ABC2D00143DA6 /* UIColor+Random.swift */,
				325E5556209D9B8A0055E09F /* UIView+Snapshot.swift */,
				32E1F39C21AFCEEB009A1DF1 /* UIView+CornerRadius.swift */,
				32080C0520871C220017FECD /* UIViewController+Private.h */,
				32080C0720871C220017FECD /* UIViewController+Private.m */,
				326ECE2521CF80580022AD43 /* PBPopupLogs.swift */,
				32080BEC208715920017FECD /* PBPopupController.h */,
				32E52FE420DA1A2A00A6A11E /* Assets.xcassets */,
				32080BED208715920017FECD /* Info.plist */,
			);
			path = PBPopupController;
			sourceTree = "<group>";
		};
		32080C2F208735FD0017FECD /* Frameworks */ = {
			isa = PBXGroup;
			children = (
			);
			name = Frameworks;
			sourceTree = "<group>";
		};
		328BDCD720DE099E00682698 /* CGMathSwift */ = {
			isa = PBXGroup;
			children = (
				328BDCDD20DE09C300682698 /* CGMath.swift */,
				323416E324619EFE0086E85A /* CGVector.swift */,
				323416E5246286450086E85A /* CGPoint.swift */,
				323416E6246286450086E85A /* CGRect.swift */,
			);
			path = CGMathSwift;
			sourceTree = "<group>";
		};
		32DB359D253494B30099EB80 /* SwiftUIWrapper */ = {
			isa = PBXGroup;
			children = (
				32DB359E253495130099EB80 /* PBPopupEnvironment.swift */,
				32DB359F253495130099EB80 /* PBPopupPreferences.swift */,
				32DB35A2253495140099EB80 /* PBPopupProxyViewController.swift */,
				32DB35A6253495140099EB80 /* PBPopupState.swift */,
				32DB35A4253495140099EB80 /* PBPopupUI.swift */,
				32DB35A7253495140099EB80 /* PBPopupUIContentController.swift */,
				32DB35A1253495130099EB80 /* PBPopupUICustomBarViewController.swift */,
				32DB35A0253495130099EB80 /* PBPopupViewWrapper.swift */,
				32DB35A3253495140099EB80 /* UIViewControllerPreview.swift */,
				32DB35A5253495140099EB80 /* UIViewPreview.swift */,
			);
			path = SwiftUIWrapper;
			sourceTree = "<group>";
		};
/* End PBXGroup section */

/* Begin PBXHeadersBuildPhase section */
		32080BE6208715920017FECD /* Headers */ = {
			isa = PBXHeadersBuildPhase;
			buildActionMask = 2147483647;
			files = (
				32080BEE208715920017FECD /* PBPopupController.h in Headers */,
				32080C0920871C230017FECD /* UIViewController+Private.h in Headers */,
			);
			runOnlyForDeploymentPostprocessing = 0;
		};
/* End PBXHeadersBuildPhase section */

/* Begin PBXNativeTarget section */
		32080BE8208715920017FECD /* PBPopupController */ = {
			isa = PBXNativeTarget;
			buildConfigurationList = 32080BF1208715920017FECD /* Build configuration list for PBXNativeTarget "PBPopupController" */;
			buildPhases = (
				32080BE4208715920017FECD /* Sources */,
				32080BE5208715920017FECD /* Frameworks */,
				32080BE6208715920017FECD /* Headers */,
				32080BE7208715920017FECD /* Resources */,
			);
			buildRules = (
			);
			dependencies = (
			);
			name = PBPopupController;
			productName = PBPopupController;
			productReference = 32080BE9208715920017FECD /* PBPopupController.framework */;
			productType = "com.apple.product-type.framework";
		};
/* End PBXNativeTarget section */

/* Begin PBXProject section */
		32080BE0208715920017FECD /* Project object */ = {
			isa = PBXProject;
			attributes = {
				LastUpgradeCheck = 0930;
				ORGANIZATIONNAME = "Patrick BODET";
				TargetAttributes = {
					32080BE8208715920017FECD = {
						CreatedOnToolsVersion = 9.3;
						LastSwiftMigration = 1100;
					};
				};
			};
			buildConfigurationList = 32080BE3208715920017FECD /* Build configuration list for PBXProject "PBPopupController" */;
			compatibilityVersion = "Xcode 9.3";
			developmentRegion = en;
			hasScannedForEncodings = 0;
			knownRegions = (
				en,
				Base,
			);
			mainGroup = 32080BDF208715920017FECD;
			productRefGroup = 32080BEA208715920017FECD /* Products */;
			projectDirPath = "";
			projectRoot = "";
			targets = (
				32080BE8208715920017FECD /* PBPopupController */,
			);
		};
/* End PBXProject section */

/* Begin PBXResourcesBuildPhase section */
		32080BE7208715920017FECD /* Resources */ = {
			isa = PBXResourcesBuildPhase;
			buildActionMask = 2147483647;
			files = (
				32E52FE520DA1A2A00A6A11E /* Assets.xcassets in Resources */,
			);
			runOnlyForDeploymentPostprocessing = 0;
		};
/* End PBXResourcesBuildPhase section */

/* Begin PBXSourcesBuildPhase section */
		32080BE4208715920017FECD /* Sources */ = {
			isa = PBXSourcesBuildPhase;
			buildActionMask = 2147483647;
			files = (
				328BDCE420DE09C300682698 /* CGMath.swift in Sources */,
				32DB35AD253495140099EB80 /* UIViewControllerPreview.swift in Sources */,
				326DB7FE21A1733200E28986 /* PBPopupRoundShadowImageView.swift in Sources */,
				32BA2A9D20E88A3F00226FEE /* PBPopupInteractivePresentationController.swift in Sources */,
				3255993A209063AC009047FB /* PBChevronView.swift in Sources */,
				32C045B921A7DD840028DB85 /* PBPopupPresentationController.swift in Sources */,
				32DB35B1253495140099EB80 /* PBPopupUIContentController.swift in Sources */,
				3202B69621CCC8C900201B6F /* PBPopupToolbar.swift in Sources */,
				32080C02208716140017FECD /* UIViewController+Private.swift in Sources */,
				32DB35AA253495140099EB80 /* PBPopupViewWrapper.swift in Sources */,
				32DB35A9253495140099EB80 /* PBPopupPreferences.swift in Sources */,
				323416E424619EFE0086E85A /* CGVector.swift in Sources */,
				32080C03208716140017FECD /* PBPopupController.swift in Sources */,
				326ECE2621CF80580022AD43 /* PBPopupLogs.swift in Sources */,
				32080C0B20871C230017FECD /* UIViewController+Private.m in Sources */,
				32DB35B0253495140099EB80 /* PBPopupState.swift in Sources */,
				32AD7597217A3A6D002FFE17 /* PBPopupContentView.swift in Sources */,
				326ECE2821CF8CBD0022AD43 /* PBPopupBar.swift in Sources */,
				325E5557209D9B8A0055E09F /* UIView+Snapshot.swift in Sources */,
				32E1F39D21AFCEEB009A1DF1 /* UIView+CornerRadius.swift in Sources */,
				32DB35AE253495140099EB80 /* PBPopupUI.swift in Sources */,
				323416E7246286460086E85A /* CGPoint.swift in Sources */,
				32B1E211209ABC2D00143DA6 /* UIColor+Random.swift in Sources */,
				32DB35AC253495140099EB80 /* PBPopupProxyViewController.swift in Sources */,
				32080C00208716140017FECD /* UIViewController+Support.swift in Sources */,
				32DB35AB253495140099EB80 /* PBPopupUICustomBarViewController.swift in Sources */,
				3255993E2091BE00009047FB /* PBPopupCloseButton.swift in Sources */,
				32DB35AF253495140099EB80 /* UIViewPreview.swift in Sources */,
				323416E8246286460086E85A /* CGRect.swift in Sources */,
				32DB35A8253495140099EB80 /* PBPopupEnvironment.swift in Sources */,
			);
			runOnlyForDeploymentPostprocessing = 0;
		};
/* End PBXSourcesBuildPhase section */

/* Begin XCBuildConfiguration section */
		32080BEF208715920017FECD /* Debug */ = {
			isa = XCBuildConfiguration;
			buildSettings = {
				ALWAYS_SEARCH_USER_PATHS = NO;
				CLANG_ANALYZER_NONNULL = YES;
				CLANG_ANALYZER_NUMBER_OBJECT_CONVERSION = YES_AGGRESSIVE;
				CLANG_CXX_LANGUAGE_STANDARD = "gnu++14";
				CLANG_CXX_LIBRARY = "libc++";
				CLANG_ENABLE_MODULES = YES;
				CLANG_ENABLE_OBJC_ARC = YES;
				CLANG_ENABLE_OBJC_WEAK = YES;
				CLANG_WARN_BLOCK_CAPTURE_AUTORELEASING = YES;
				CLANG_WARN_BOOL_CONVERSION = YES;
				CLANG_WARN_COMMA = YES;
				CLANG_WARN_CONSTANT_CONVERSION = YES;
				CLANG_WARN_DEPRECATED_OBJC_IMPLEMENTATIONS = YES;
				CLANG_WARN_DIRECT_OBJC_ISA_USAGE = YES_ERROR;
				CLANG_WARN_DOCUMENTATION_COMMENTS = YES;
				CLANG_WARN_EMPTY_BODY = YES;
				CLANG_WARN_ENUM_CONVERSION = YES;
				CLANG_WARN_INFINITE_RECURSION = YES;
				CLANG_WARN_INT_CONVERSION = YES;
				CLANG_WARN_NON_LITERAL_NULL_CONVERSION = YES;
				CLANG_WARN_OBJC_IMPLICIT_RETAIN_SELF = YES;
				CLANG_WARN_OBJC_LITERAL_CONVERSION = YES;
				CLANG_WARN_OBJC_ROOT_CLASS = YES_ERROR;
				CLANG_WARN_RANGE_LOOP_ANALYSIS = YES;
				CLANG_WARN_STRICT_PROTOTYPES = YES;
				CLANG_WARN_SUSPICIOUS_MOVE = YES;
				CLANG_WARN_UNGUARDED_AVAILABILITY = YES_AGGRESSIVE;
				CLANG_WARN_UNREACHABLE_CODE = YES;
				CLANG_WARN__DUPLICATE_METHOD_MATCH = YES;
				CODE_SIGN_IDENTITY = "iPhone Developer";
				COPY_PHASE_STRIP = NO;
				CURRENT_PROJECT_VERSION = 1;
				DEBUG_INFORMATION_FORMAT = dwarf;
				ENABLE_STRICT_OBJC_MSGSEND = YES;
				ENABLE_TESTABILITY = YES;
				GCC_C_LANGUAGE_STANDARD = gnu11;
				GCC_DYNAMIC_NO_PIC = NO;
				GCC_NO_COMMON_BLOCKS = YES;
				GCC_OPTIMIZATION_LEVEL = 0;
				GCC_PREPROCESSOR_DEFINITIONS = (
					"DEBUG=1",
					"$(inherited)",
				);
				GCC_WARN_64_TO_32_BIT_CONVERSION = YES;
				GCC_WARN_ABOUT_RETURN_TYPE = YES_ERROR;
				GCC_WARN_UNDECLARED_SELECTOR = YES;
				GCC_WARN_UNINITIALIZED_AUTOS = YES_AGGRESSIVE;
				GCC_WARN_UNUSED_FUNCTION = YES;
				GCC_WARN_UNUSED_VARIABLE = YES;
				IPHONEOS_DEPLOYMENT_TARGET = 11.0;
				MTL_ENABLE_DEBUG_INFO = YES;
				ONLY_ACTIVE_ARCH = YES;
				SDKROOT = iphoneos;
				SWIFT_ACTIVE_COMPILATION_CONDITIONS = DEBUG;
				SWIFT_OPTIMIZATION_LEVEL = "-Onone";
				SWIFT_VERSION = 5.0;
				VERSIONING_SYSTEM = "apple-generic";
				VERSION_INFO_PREFIX = "";
			};
			name = Debug;
		};
		32080BF0208715920017FECD /* Release */ = {
			isa = XCBuildConfiguration;
			buildSettings = {
				ALWAYS_SEARCH_USER_PATHS = NO;
				CLANG_ANALYZER_NONNULL = YES;
				CLANG_ANALYZER_NUMBER_OBJECT_CONVERSION = YES_AGGRESSIVE;
				CLANG_CXX_LANGUAGE_STANDARD = "gnu++14";
				CLANG_CXX_LIBRARY = "libc++";
				CLANG_ENABLE_MODULES = YES;
				CLANG_ENABLE_OBJC_ARC = YES;
				CLANG_ENABLE_OBJC_WEAK = YES;
				CLANG_WARN_BLOCK_CAPTURE_AUTORELEASING = YES;
				CLANG_WARN_BOOL_CONVERSION = YES;
				CLANG_WARN_COMMA = YES;
				CLANG_WARN_CONSTANT_CONVERSION = YES;
				CLANG_WARN_DEPRECATED_OBJC_IMPLEMENTATIONS = YES;
				CLANG_WARN_DIRECT_OBJC_ISA_USAGE = YES_ERROR;
				CLANG_WARN_DOCUMENTATION_COMMENTS = YES;
				CLANG_WARN_EMPTY_BODY = YES;
				CLANG_WARN_ENUM_CONVERSION = YES;
				CLANG_WARN_INFINITE_RECURSION = YES;
				CLANG_WARN_INT_CONVERSION = YES;
				CLANG_WARN_NON_LITERAL_NULL_CONVERSION = YES;
				CLANG_WARN_OBJC_IMPLICIT_RETAIN_SELF = YES;
				CLANG_WARN_OBJC_LITERAL_CONVERSION = YES;
				CLANG_WARN_OBJC_ROOT_CLASS = YES_ERROR;
				CLANG_WARN_RANGE_LOOP_ANALYSIS = YES;
				CLANG_WARN_STRICT_PROTOTYPES = YES;
				CLANG_WARN_SUSPICIOUS_MOVE = YES;
				CLANG_WARN_UNGUARDED_AVAILABILITY = YES_AGGRESSIVE;
				CLANG_WARN_UNREACHABLE_CODE = YES;
				CLANG_WARN__DUPLICATE_METHOD_MATCH = YES;
				CODE_SIGN_IDENTITY = "iPhone Developer";
				COPY_PHASE_STRIP = NO;
				CURRENT_PROJECT_VERSION = 1;
				DEBUG_INFORMATION_FORMAT = "dwarf-with-dsym";
				ENABLE_NS_ASSERTIONS = NO;
				ENABLE_STRICT_OBJC_MSGSEND = YES;
				GCC_C_LANGUAGE_STANDARD = gnu11;
				GCC_NO_COMMON_BLOCKS = YES;
				GCC_WARN_64_TO_32_BIT_CONVERSION = YES;
				GCC_WARN_ABOUT_RETURN_TYPE = YES_ERROR;
				GCC_WARN_UNDECLARED_SELECTOR = YES;
				GCC_WARN_UNINITIALIZED_AUTOS = YES_AGGRESSIVE;
				GCC_WARN_UNUSED_FUNCTION = YES;
				GCC_WARN_UNUSED_VARIABLE = YES;
				IPHONEOS_DEPLOYMENT_TARGET = 11.0;
				MTL_ENABLE_DEBUG_INFO = NO;
				SDKROOT = iphoneos;
				SWIFT_COMPILATION_MODE = wholemodule;
				SWIFT_OPTIMIZATION_LEVEL = "-O";
				SWIFT_VERSION = 5.0;
				VALIDATE_PRODUCT = YES;
				VERSIONING_SYSTEM = "apple-generic";
				VERSION_INFO_PREFIX = "";
			};
			name = Release;
		};
		32080BF2208715920017FECD /* Debug */ = {
			isa = XCBuildConfiguration;
			buildSettings = {
				ALWAYS_EMBED_SWIFT_STANDARD_LIBRARIES = NO;
				CLANG_ENABLE_MODULES = YES;
				CODE_SIGN_IDENTITY = "";
				CODE_SIGN_STYLE = Automatic;
				DEFINES_MODULE = YES;
				DEVELOPMENT_TEAM = 5WSVF5KRRY;
				DYLIB_COMPATIBILITY_VERSION = 1;
				DYLIB_CURRENT_VERSION = 1;
				DYLIB_INSTALL_NAME_BASE = "@rpath";
				INFOPLIST_FILE = PBPopupController/Info.plist;
				INSTALL_PATH = "$(LOCAL_LIBRARY_DIR)/Frameworks";
				IPHONEOS_DEPLOYMENT_TARGET = 11.0;
				LD_RUNPATH_SEARCH_PATHS = (
					"$(inherited)",
					"@executable_path/Frameworks",
					"@loader_path/Frameworks",
				);
				PRODUCT_BUNDLE_IDENTIFIER = iDevelopper.PBPopupController;
				PRODUCT_NAME = "$(TARGET_NAME:c99extidentifier)";
				SKIP_INSTALL = YES;
				SWIFT_OPTIMIZATION_LEVEL = "-Onone";
				SWIFT_VERSION = 5.0;
				TARGETED_DEVICE_FAMILY = "1,2";
			};
			name = Debug;
		};
		32080BF3208715920017FECD /* Release */ = {
			isa = XCBuildConfiguration;
			buildSettings = {
				ALWAYS_EMBED_SWIFT_STANDARD_LIBRARIES = NO;
				CLANG_ENABLE_MODULES = YES;
				CODE_SIGN_IDENTITY = "";
				CODE_SIGN_STYLE = Automatic;
				DEFINES_MODULE = YES;
				DEVELOPMENT_TEAM = 5WSVF5KRRY;
				DYLIB_COMPATIBILITY_VERSION = 1;
				DYLIB_CURRENT_VERSION = 1;
				DYLIB_INSTALL_NAME_BASE = "@rpath";
				INFOPLIST_FILE = PBPopupController/Info.plist;
				INSTALL_PATH = "$(LOCAL_LIBRARY_DIR)/Frameworks";
				IPHONEOS_DEPLOYMENT_TARGET = 11.0;
				LD_RUNPATH_SEARCH_PATHS = (
					"$(inherited)",
					"@executable_path/Frameworks",
					"@loader_path/Frameworks",
				);
				PRODUCT_BUNDLE_IDENTIFIER = iDevelopper.PBPopupController;
				PRODUCT_NAME = "$(TARGET_NAME:c99extidentifier)";
				SKIP_INSTALL = YES;
				SWIFT_VERSION = 5.0;
				TARGETED_DEVICE_FAMILY = "1,2";
			};
			name = Release;
		};
/* End XCBuildConfiguration section */

/* Begin XCConfigurationList section */
		32080BE3208715920017FECD /* Build configuration list for PBXProject "PBPopupController" */ = {
			isa = XCConfigurationList;
			buildConfigurations = (
				32080BEF208715920017FECD /* Debug */,
				32080BF0208715920017FECD /* Release */,
			);
			defaultConfigurationIsVisible = 0;
			defaultConfigurationName = Release;
		};
		32080BF1208715920017FECD /* Build configuration list for PBXNativeTarget "PBPopupController" */ = {
			isa = XCConfigurationList;
			buildConfigurations = (
				32080BF2208715920017FECD /* Debug */,
				32080BF3208715920017FECD /* Release */,
			);
			defaultConfigurationIsVisible = 0;
			defaultConfigurationName = Release;
		};
/* End XCConfigurationList section */
	};
	rootObject = 32080BE0208715920017FECD /* Project object */;
}
